
Microsoft Visual Studio Solution File, Format Version 12.00
# Visual Studio Version 16
VisualStudioVersion = 16.0.31424.327
MinimumVisualStudioVersion = 10.0.40219.1
Project("{FAE04EC0-301F-11D3-BF4B-00C04F79EFBC}") = "Micro-chess", "Micro-chess\Micro-chess.csproj", "{DD6F0689-CD40-4FD0-B55F-1AEBCB93DEF2}"
EndProject
Global
	GlobalSection(SolutionConfigurationPlatforms) = preSolution
		Debug|Any CPU = Debug|Any CPU
		Release|Any CPU = Release|Any CPU
	EndGlobalSection
	GlobalSection(ProjectConfigurationPlatforms) = postSolution
		{DD6F0689-CD40-4FD0-B55F-1AEBCB93DEF2}.Debug|Any CPU.ActiveCfg = Debug|Any CPU
		{DD6F0689-CD40-4FD0-B55F-1AEBCB93DEF2}.Debug|Any CPU.Build.0 = Debug|Any CPU
		{DD6F0689-CD40-4FD0-B55F-1AEBCB93DEF2}.Release|Any CPU.ActiveCfg = Release|Any CPU
		{DD6F0689-CD40-4FD0-B55F-1AEBCB93DEF2}.Release|Any CPU.Build.0 = Release|Any CPU
	EndGlobalSection
	GlobalSection(SolutionProperties) = preSolution
		HideSolutionNode = FALSE
	EndGlobalSection
	GlobalSection(ExtensibilityGlobals) = postSolution
		SolutionGuid = {E754354E-29DE-4D1D-904E-D01CA59E5A58}
	EndGlobalSection
EndGlobal
